
Microsoft Visual Studio Solution File, Format Version 12.00
# Visual Studio Version 16
VisualStudioVersion = 16.0.29521.150
MinimumVisualStudioVersion = 10.0.40219.1
Project("{FAE04EC0-301F-11D3-BF4B-00C04F79EFBC}") = "web-app", "web-app\web-app.csproj", "{8BD584E6-A216-4C35-BF46-64113EE26E8A}"
EndProject
Project("{2150E333-8FDC-42A3-9474-1A3956D46DE8}") = "Solution Items", "Solution Items", "{64C62F0A-A8FF-498B-998B-60B4F7E53F93}"
	ProjectSection(SolutionItems) = preProject
		project_assumptions.txt = project_assumptions.txt
		README.md = README.md
	EndProjectSection
EndProject
Project("{FAE04EC0-301F-11D3-BF4B-00C04F79EFBC}") = "business-layer", "business-layer\business-layer.csproj", "{E8D10309-2F93-466F-AD64-C95B66A64B06}"
EndProject
Project("{FAE04EC0-301F-11D3-BF4B-00C04F79EFBC}") = "data-access-layer", "data-access-layer\data-access-layer.csproj", "{50B899F1-B0B8-4BBE-99F5-A73FF43D0F12}"
EndProject
Project("{FAE04EC0-301F-11D3-BF4B-00C04F79EFBC}") = "business-layer-tests", "business-layer-tests\business-layer-tests.csproj", "{D862B307-9562-41CA-B616-F2F1EFDDCCEE}"
EndProject
Global
	GlobalSection(SolutionConfigurationPlatforms) = preSolution
		Debug|Any CPU = Debug|Any CPU
		Release|Any CPU = Release|Any CPU
	EndGlobalSection
	GlobalSection(ProjectConfigurationPlatforms) = postSolution
		{8BD584E6-A216-4C35-BF46-64113EE26E8A}.Debug|Any CPU.ActiveCfg = Debug|Any CPU
		{8BD584E6-A216-4C35-BF46-64113EE26E8A}.Debug|Any CPU.Build.0 = Debug|Any CPU
		{8BD584E6-A216-4C35-BF46-64113EE26E8A}.Release|Any CPU.ActiveCfg = Release|Any CPU
		{8BD584E6-A216-4C35-BF46-64113EE26E8A}.Release|Any CPU.Build.0 = Release|Any CPU
		{E8D10309-2F93-466F-AD64-C95B66A64B06}.Debug|Any CPU.ActiveCfg = Debug|Any CPU
		{E8D10309-2F93-466F-AD64-C95B66A64B06}.Debug|Any CPU.Build.0 = Debug|Any CPU
		{E8D10309-2F93-466F-AD64-C95B66A64B06}.Release|Any CPU.ActiveCfg = Release|Any CPU
		{E8D10309-2F93-466F-AD64-C95B66A64B06}.Release|Any CPU.Build.0 = Release|Any CPU
		{50B899F1-B0B8-4BBE-99F5-A73FF43D0F12}.Debug|Any CPU.ActiveCfg = Debug|Any CPU
		{50B899F1-B0B8-4BBE-99F5-A73FF43D0F12}.Debug|Any CPU.Build.0 = Debug|Any CPU
		{50B899F1-B0B8-4BBE-99F5-A73FF43D0F12}.Release|Any CPU.ActiveCfg = Release|Any CPU
		{50B899F1-B0B8-4BBE-99F5-A73FF43D0F12}.Release|Any CPU.Build.0 = Release|Any CPU
		{D862B307-9562-41CA-B616-F2F1EFDDCCEE}.Debug|Any CPU.ActiveCfg = Debug|Any CPU
		{D862B307-9562-41CA-B616-F2F1EFDDCCEE}.Debug|Any CPU.Build.0 = Debug|Any CPU
		{D862B307-9562-41CA-B616-F2F1EFDDCCEE}.Release|Any CPU.ActiveCfg = Release|Any CPU
		{D862B307-9562-41CA-B616-F2F1EFDDCCEE}.Release|Any CPU.Build.0 = Release|Any CPU
	EndGlobalSection
	GlobalSection(SolutionProperties) = preSolution
		HideSolutionNode = FALSE
	EndGlobalSection
	GlobalSection(ExtensibilityGlobals) = postSolution
		SolutionGuid = {5E412806-2688-4F7D-B660-FAEB701EBBE9}
	EndGlobalSection
EndGlobal
